
Microsoft Visual Studio Solution File, Format Version 12.00
# Visual Studio Version 17
VisualStudioVersion = 17.2.32519.379
MinimumVisualStudioVersion = 10.0.40219.1
Project("{9A19103F-16F7-4668-BE54-9A1E7A4F7556}") = "ReadHtml", "ReadHtml\ReadHtml.csproj", "{4519EBC8-D8F4-447D-9A5D-68A425B10985}"
EndProject
Project("{FAE04EC0-301F-11D3-BF4B-00C04F79EFBC}") = "ReadHtml.NUnitTests", "ReadHtml.NUnitTests\ReadHtml.NUnitTests.csproj", "{C33DA771-5F7B-4827-877A-47941500B001}"
EndProject
Global
	GlobalSection(SolutionConfigurationPlatforms) = preSolution
		Debug|Any CPU = Debug|Any CPU
		Release|Any CPU = Release|Any CPU
	EndGlobalSection
	GlobalSection(ProjectConfigurationPlatforms) = postSolution
		{4519EBC8-D8F4-447D-9A5D-68A425B10985}.Debug|Any CPU.ActiveCfg = Debug|Any CPU
		{4519EBC8-D8F4-447D-9A5D-68A425B10985}.Debug|Any CPU.Build.0 = Debug|Any CPU
		{4519EBC8-D8F4-447D-9A5D-68A425B10985}.Release|Any CPU.ActiveCfg = Release|Any CPU
		{4519EBC8-D8F4-447D-9A5D-68A425B10985}.Release|Any CPU.Build.0 = Release|Any CPU
		{C33DA771-5F7B-4827-877A-47941500B001}.Debug|Any CPU.ActiveCfg = Debug|Any CPU
		{C33DA771-5F7B-4827-877A-47941500B001}.Debug|Any CPU.Build.0 = Debug|Any CPU
		{C33DA771-5F7B-4827-877A-47941500B001}.Release|Any CPU.ActiveCfg = Release|Any CPU
		{C33DA771-5F7B-4827-877A-47941500B001}.Release|Any CPU.Build.0 = Release|Any CPU
	EndGlobalSection
	GlobalSection(SolutionProperties) = preSolution
		HideSolutionNode = FALSE
	EndGlobalSection
	GlobalSection(ExtensibilityGlobals) = postSolution
		SolutionGuid = {E589B580-D889-4337-BFF2-694497A8CDA0}
	EndGlobalSection
EndGlobal
